
Microsoft Visual Studio Solution File, Format Version 12.00
# Visual Studio Version 17
VisualStudioVersion = 17.3.32825.248
MinimumVisualStudioVersion = 10.0.40219.1
Project("{FAE04EC0-301F-11D3-BF4B-00C04F79EFBC}") = "Deliverable_3", "Deliverable_3\Deliverable_3.csproj", "{1B54B47E-5045-4AAC-A62E-6C91BF48B9FF}"
EndProject
Global
	GlobalSection(SolutionConfigurationPlatforms) = preSolution
		Debug|Any CPU = Debug|Any CPU
		Release|Any CPU = Release|Any CPU
	EndGlobalSection
	GlobalSection(ProjectConfigurationPlatforms) = postSolution
		{1B54B47E-5045-4AAC-A62E-6C91BF48B9FF}.Debug|Any CPU.ActiveCfg = Debug|Any CPU
		{1B54B47E-5045-4AAC-A62E-6C91BF48B9FF}.Debug|Any CPU.Build.0 = Debug|Any CPU
		{1B54B47E-5045-4AAC-A62E-6C91BF48B9FF}.Release|Any CPU.ActiveCfg = Release|Any CPU
		{1B54B47E-5045-4AAC-A62E-6C91BF48B9FF}.Release|Any CPU.Build.0 = Release|Any CPU
	EndGlobalSection
	GlobalSection(SolutionProperties) = preSolution
		HideSolutionNode = FALSE
	EndGlobalSection
	GlobalSection(ExtensibilityGlobals) = postSolution
		SolutionGuid = {336F865C-52B2-4731-9F44-0EA18FF36EDE}
	EndGlobalSection
EndGlobal
